
Microsoft Visual Studio Solution File, Format Version 12.00
# Visual Studio Version 17
VisualStudioVersion = 17.3.32819.101
MinimumVisualStudioVersion = 10.0.40219.1
Project("{FAE04EC0-301F-11D3-BF4B-00C04F79EFBC}") = "NewsApp", "NewsApp\NewsApp.csproj", "{31FF41DE-8ECA-426E-8CDB-371582CFCC01}"
EndProject
Global
	GlobalSection(SolutionConfigurationPlatforms) = preSolution
		Debug|Any CPU = Debug|Any CPU
		Release|Any CPU = Release|Any CPU
	EndGlobalSection
	GlobalSection(ProjectConfigurationPlatforms) = postSolution
		{31FF41DE-8ECA-426E-8CDB-371582CFCC01}.Debug|Any CPU.ActiveCfg = Debug|Any CPU
		{31FF41DE-8ECA-426E-8CDB-371582CFCC01}.Debug|Any CPU.Build.0 = Debug|Any CPU
		{31FF41DE-8ECA-426E-8CDB-371582CFCC01}.Release|Any CPU.ActiveCfg = Release|Any CPU
		{31FF41DE-8ECA-426E-8CDB-371582CFCC01}.Release|Any CPU.Build.0 = Release|Any CPU
	EndGlobalSection
	GlobalSection(SolutionProperties) = preSolution
		HideSolutionNode = FALSE
	EndGlobalSection
	GlobalSection(ExtensibilityGlobals) = postSolution
		SolutionGuid = {1C55F0D8-3676-4366-A38B-582EABAF8D8E}
	EndGlobalSection
EndGlobal
